
Microsoft Visual Studio Solution File, Format Version 12.00
# Visual Studio 15
VisualStudioVersion = 15.0.27004.2005
MinimumVisualStudioVersion = 10.0.40219.1
Project("{FAE04EC0-301F-11D3-BF4B-00C04F79EFBC}") = "02-Llibre", "02-Llibre\02-Llibre.csproj", "{443F0A64-206A-4372-8CDC-2BA31B6196D9}"
EndProject
Global
	GlobalSection(SolutionConfigurationPlatforms) = preSolution
		Debug|Any CPU = Debug|Any CPU
		Release|Any CPU = Release|Any CPU
	EndGlobalSection
	GlobalSection(ProjectConfigurationPlatforms) = postSolution
		{443F0A64-206A-4372-8CDC-2BA31B6196D9}.Debug|Any CPU.ActiveCfg = Debug|Any CPU
		{443F0A64-206A-4372-8CDC-2BA31B6196D9}.Debug|Any CPU.Build.0 = Debug|Any CPU
		{443F0A64-206A-4372-8CDC-2BA31B6196D9}.Release|Any CPU.ActiveCfg = Release|Any CPU
		{443F0A64-206A-4372-8CDC-2BA31B6196D9}.Release|Any CPU.Build.0 = Release|Any CPU
	EndGlobalSection
	GlobalSection(SolutionProperties) = preSolution
		HideSolutionNode = FALSE
	EndGlobalSection
	GlobalSection(ExtensibilityGlobals) = postSolution
		SolutionGuid = {9D90A595-738D-40A1-AE0F-5F43526002B9}
	EndGlobalSection
EndGlobal
